// !$*UTF8*$!
{
	archiveVersion = 1;
	classes = {
	};
	objectVersion = 46;
	objects = {

/* Begin PBXBuildFile section */
		8827A450200CF9C0008C7B3E /* mad_1 in Resources */ = {isa = PBXBuildFile; fileRef = 8827A44F200CF9C0008C7B3E /* mad_1 */; };
		8827A454200CF9F7008C7B3E /* petdevil_0 in Resources */ = {isa = PBXBuildFile; fileRef = 8827A451200CF9F7008C7B3E /* petdevil_0 */; };
		8827A455200CF9F7008C7B3E /* petdragon_0 in Resources */ = {isa = PBXBuildFile; fileRef = 8827A452200CF9F7008C7B3E /* petdragon_0 */; };
		8827A456200CF9F7008C7B3E /* petfish_0 in Resources */ = {isa = PBXBuildFile; fileRef = 8827A453200CF9F7008C7B3E /* petfish_0 */; };
		8827A458200D029A008C7B3E /* PlayerResource.swift in Sources */ = {isa = PBXBuildFile; fileRef = 8827A457200D029A008C7B3E /* PlayerResource.swift */; };
		8827A45E200D2B69008C7B3E /* ObjectNode.swift in Sources */ = {isa = PBXBuildFile; fileRef = 8827A45D200D2B69008C7B3E /* ObjectNode.swift */; };
		8827A460200D2BE8008C7B3E /* Item__MapItem.swift in Sources */ = {isa = PBXBuildFile; fileRef = 8827A45F200D2BE8008C7B3E /* Item__MapItem.swift */; };
		8827A462200D2C5E008C7B3E /* Items.xcassets in Resources */ = {isa = PBXBuildFile; fileRef = 8827A461200D2C5E008C7B3E /* Items.xcassets */; };
		8827A464200D2E37008C7B3E /* itemsData.swift in Sources */ = {isa = PBXBuildFile; fileRef = 8827A463200D2E37008C7B3E /* itemsData.swift */; };
		8827A468200DE83E008C7B3E /* Herculanum.ttf in Resources */ = {isa = PBXBuildFile; fileRef = 8827A467200DE83E008C7B3E /* Herculanum.ttf */; };
		8827A46E200F8D91008C7B3E /* Utility.swift in Sources */ = {isa = PBXBuildFile; fileRef = 8827A46D200F8D91008C7B3E /* Utility.swift */; };
		8827A471200FB8DC008C7B3E /* MapLink.swift in Sources */ = {isa = PBXBuildFile; fileRef = 8827A470200FB8DC008C7B3E /* MapLink.swift */; };
		8827A479200FD088008C7B3E /* PlayerMapData.swift in Sources */ = {isa = PBXBuildFile; fileRef = 8827A478200FD088008C7B3E /* PlayerMapData.swift */; };
		8827A47D200FDA5A008C7B3E /* MapGeneratorRange.swift in Sources */ = {isa = PBXBuildFile; fileRef = 8827A47C200FDA5A008C7B3E /* MapGeneratorRange.swift */; };
		8865CE9B200CADE200B950A8 /* BuildingNode.swift in Sources */ = {isa = PBXBuildFile; fileRef = 8865CE9A200CADE200B950A8 /* BuildingNode.swift */; };
		8865CE9D200CADEE00B950A8 /* BuildingProperties.swift in Sources */ = {isa = PBXBuildFile; fileRef = 8865CE9C200CADEE00B950A8 /* BuildingProperties.swift */; };
		8865CE9F200CAE5400B950A8 /* buildingData.swift in Sources */ = {isa = PBXBuildFile; fileRef = 8865CE9E200CAE5400B950A8 /* buildingData.swift */; };
		8865CEA2200CAEBE00B950A8 /* Probabilities.swift in Sources */ = {isa = PBXBuildFile; fileRef = 8865CEA1200CAEBE00B950A8 /* Probabilities.swift */; };
		8865CEA4200CB2C500B950A8 /* BuildingAction.swift in Sources */ = {isa = PBXBuildFile; fileRef = 8865CEA3200CB2C500B950A8 /* BuildingAction.swift */; };
		8865CEA7200CBC1500B950A8 /* Creature.swift in Sources */ = {isa = PBXBuildFile; fileRef = 8865CEA6200CBC1500B950A8 /* Creature.swift */; };
		8865CEA9200CBC1B00B950A8 /* Hero.swift in Sources */ = {isa = PBXBuildFile; fileRef = 8865CEA8200CBC1B00B950A8 /* Hero.swift */; };
		8865CEAB200CBC2200B950A8 /* Spirit.swift in Sources */ = {isa = PBXBuildFile; fileRef = 8865CEAA200CBC2200B950A8 /* Spirit.swift */; };
		8865CEAD200CBC2800B950A8 /* Monster.swift in Sources */ = {isa = PBXBuildFile; fileRef = 8865CEAC200CBC2800B950A8 /* Monster.swift */; };
		8865CEAF200CBC7000B950A8 /* CreaturesDefinition.swift in Sources */ = {isa = PBXBuildFile; fileRef = 8865CEAE200CBC7000B950A8 /* CreaturesDefinition.swift */; };
		8893918F200BB11300663CF5 /* ileData.swift in Sources */ = {isa = PBXBuildFile; fileRef = 88DD255F200BAEFB0081BA1B /* ileData.swift */; };
		88939192200BC09700663CF5 /* Player.swift in Sources */ = {isa = PBXBuildFile; fileRef = 88939191200BC09700663CF5 /* Player.swift */; };
		88939194200BC0A500663CF5 /* PlayerData.swift in Sources */ = {isa = PBXBuildFile; fileRef = 88939193200BC0A500663CF5 /* PlayerData.swift */; };
		88939196200BE66100663CF5 /* SceneDrawMap.swift in Sources */ = {isa = PBXBuildFile; fileRef = 88939195200BE66100663CF5 /* SceneDrawMap.swift */; };
		88DD252F200B799C0081BA1B /* AppDelegate.swift in Sources */ = {isa = PBXBuildFile; fileRef = 88DD252E200B799C0081BA1B /* AppDelegate.swift */; };
		88DD2535200B799C0081BA1B /* Scene.swift in Sources */ = {isa = PBXBuildFile; fileRef = 88DD2534200B799C0081BA1B /* Scene.swift */; };
		88DD2537200B799C0081BA1B /* GameViewController.swift in Sources */ = {isa = PBXBuildFile; fileRef = 88DD2536200B799C0081BA1B /* GameViewController.swift */; };
		88DD253A200B799C0081BA1B /* Main.storyboard in Resources */ = {isa = PBXBuildFile; fileRef = 88DD2538200B799C0081BA1B /* Main.storyboard */; };
		88DD253C200B799C0081BA1B /* Assets.xcassets in Resources */ = {isa = PBXBuildFile; fileRef = 88DD253B200B799C0081BA1B /* Assets.xcassets */; };
		88DD253F200B799C0081BA1B /* LaunchScreen.storyboard in Resources */ = {isa = PBXBuildFile; fileRef = 88DD253D200B799C0081BA1B /* LaunchScreen.storyboard */; };
		88DD2548200B99B10081BA1B /* env.xcassets in Resources */ = {isa = PBXBuildFile; fileRef = 88DD2547200B99B10081BA1B /* env.xcassets */; };
		88DD254C200B9C920081BA1B /* SceneData.swift in Sources */ = {isa = PBXBuildFile; fileRef = 88DD254B200B9C920081BA1B /* SceneData.swift */; };
		88DD254F200B9DB10081BA1B /* Map.swift in Sources */ = {isa = PBXBuildFile; fileRef = 88DD254E200B9DB10081BA1B /* Map.swift */; };
		88DD2551200B9E270081BA1B /* MapHeader.swift in Sources */ = {isa = PBXBuildFile; fileRef = 88DD2550200B9E270081BA1B /* MapHeader.swift */; };
		88DD2553200B9EFB0081BA1B /* MapCellularAutomata.swift in Sources */ = {isa = PBXBuildFile; fileRef = 88DD2552200B9EFB0081BA1B /* MapCellularAutomata.swift */; };
		88DD2556200B9F5D0081BA1B /* MapCASettings.swift in Sources */ = {isa = PBXBuildFile; fileRef = 88DD2555200B9F5D0081BA1B /* MapCASettings.swift */; };
		88DD2558200B9F660081BA1B /* MapCAEvents.swift in Sources */ = {isa = PBXBuildFile; fileRef = 88DD2557200B9F660081BA1B /* MapCAEvents.swift */; };
		88DD255A200BA0780081BA1B /* MapTile.swift in Sources */ = {isa = PBXBuildFile; fileRef = 88DD2559200BA0780081BA1B /* MapTile.swift */; };
		88DD255D200BA6250081BA1B /* MapTileProperties.swift in Sources */ = {isa = PBXBuildFile; fileRef = 88DD255C200BA6250081BA1B /* MapTileProperties.swift */; };
		88FBECA0200CD07F000EC9F0 /* creatureData.swift in Sources */ = {isa = PBXBuildFile; fileRef = 88FBEC9F200CD07F000EC9F0 /* creatureData.swift */; };
		88FBECA4200CF48E000EC9F0 /* boss_0 in Resources */ = {isa = PBXBuildFile; fileRef = 88FBECA1200CF48E000EC9F0 /* boss_0 */; };
		88FBECA5200CF48E000EC9F0 /* qiuzhang_0 in Resources */ = {isa = PBXBuildFile; fileRef = 88FBECA2200CF48E000EC9F0 /* qiuzhang_0 */; };
		88FBECA6200CF48E000EC9F0 /* qiuzhang_2 in Resources */ = {isa = PBXBuildFile; fileRef = 88FBECA3200CF48E000EC9F0 /* qiuzhang_2 */; };
		88FBECBC200CF4F2000EC9F0 /* fairydragon_0 in Resources */ = {isa = PBXBuildFile; fileRef = 88FBECA7200CF4F2000EC9F0 /* fairydragon_0 */; };
		88FBECBD200CF4F2000EC9F0 /* fairydragon_1 in Resources */ = {isa = PBXBuildFile; fileRef = 88FBECA8200CF4F2000EC9F0 /* fairydragon_1 */; };
		88FBECBE200CF4F2000EC9F0 /* fairydragon_2 in Resources */ = {isa = PBXBuildFile; fileRef = 88FBECA9200CF4F2000EC9F0 /* fairydragon_2 */; };
		88FBECBF200CF4F2000EC9F0 /* fashi_0 in Resources */ = {isa = PBXBuildFile; fileRef = 88FBECAA200CF4F2000EC9F0 /* fashi_0 */; };
		88FBECC0200CF4F2000EC9F0 /* fashi_1 in Resources */ = {isa = PBXBuildFile; fileRef = 88FBECAB200CF4F2000EC9F0 /* fashi_1 */; };
		88FBECC1200CF4F2000EC9F0 /* fashi_2 in Resources */ = {isa = PBXBuildFile; fileRef = 88FBECAC200CF4F2000EC9F0 /* fashi_2 */; };
		88FBECC2200CF4F2000EC9F0 /* griffin_0 in Resources */ = {isa = PBXBuildFile; fileRef = 88FBECAD200CF4F2000EC9F0 /* griffin_0 */; };
		88FBECC3200CF4F2000EC9F0 /* griffin_1 in Resources */ = {isa = PBXBuildFile; fileRef = 88FBECAE200CF4F2000EC9F0 /* griffin_1 */; };
		88FBECC4200CF4F2000EC9F0 /* griffin_2 in Resources */ = {isa = PBXBuildFile; fileRef = 88FBECAF200CF4F2000EC9F0 /* griffin_2 */; };
		88FBECC5200CF4F2000EC9F0 /* helicopter_0 in Resources */ = {isa = PBXBuildFile; fileRef = 88FBECB0200CF4F2000EC9F0 /* helicopter_0 */; };
		88FBECC6200CF4F2000EC9F0 /* helicopter_1 in Resources */ = {isa = PBXBuildFile; fileRef = 88FBECB1200CF4F2000EC9F0 /* helicopter_1 */; };
		88FBECC7200CF4F2000EC9F0 /* helicopter_2 in Resources */ = {isa = PBXBuildFile; fileRef = 88FBECB2200CF4F2000EC9F0 /* helicopter_2 */; };
		88FBECC8200CF4F2000EC9F0 /* mad_0 in Resources */ = {isa = PBXBuildFile; fileRef = 88FBECB3200CF4F2000EC9F0 /* mad_0 */; };
		88FBECCA200CF4F2000EC9F0 /* mad_2 in Resources */ = {isa = PBXBuildFile; fileRef = 88FBECB5200CF4F2000EC9F0 /* mad_2 */; };
		88FBECCB200CF4F2000EC9F0 /* manh_0 in Resources */ = {isa = PBXBuildFile; fileRef = 88FBECB6200CF4F2000EC9F0 /* manh_0 */; };
		88FBECCC200CF4F2000EC9F0 /* manh_1 in Resources */ = {isa = PBXBuildFile; fileRef = 88FBECB7200CF4F2000EC9F0 /* manh_1 */; };
		88FBECCD200CF4F2000EC9F0 /* manh_2 in Resources */ = {isa = PBXBuildFile; fileRef = 88FBECB8200CF4F2000EC9F0 /* manh_2 */; };
		88FBECCE200CF4F2000EC9F0 /* treedemon_0 in Resources */ = {isa = PBXBuildFile; fileRef = 88FBECB9200CF4F2000EC9F0 /* treedemon_0 */; };
		88FBECCF200CF4F2000EC9F0 /* treedemon_1 in Resources */ = {isa = PBXBuildFile; fileRef = 88FBECBA200CF4F2000EC9F0 /* treedemon_1 */; };
		88FBECD0200CF4F2000EC9F0 /* treedemon_2 in Resources */ = {isa = PBXBuildFile; fileRef = 88FBECBB200CF4F2000EC9F0 /* treedemon_2 */; };
		88FBECD4200CF532000EC9F0 /* konglong_0 in Resources */ = {isa = PBXBuildFile; fileRef = 88FBECD1200CF532000EC9F0 /* konglong_0 */; };
		88FBECD5200CF532000EC9F0 /* konglong_1 in Resources */ = {isa = PBXBuildFile; fileRef = 88FBECD2200CF532000EC9F0 /* konglong_1 */; };
		88FBECD6200CF532000EC9F0 /* konglong_2 in Resources */ = {isa = PBXBuildFile; fileRef = 88FBECD3200CF532000EC9F0 /* konglong_2 */; };
/* End PBXBuildFile section */

/* Begin PBXFileReference section */
		8827A44F200CF9C0008C7B3E /* mad_1 */ = {isa = PBXFileReference; lastKnownFileType = folder; path = mad_1; sourceTree = "<group>"; };
		8827A451200CF9F7008C7B3E /* petdevil_0 */ = {isa = PBXFileReference; lastKnownFileType = folder; path = petdevil_0; sourceTree = "<group>"; };
		8827A452200CF9F7008C7B3E /* petdragon_0 */ = {isa = PBXFileReference; lastKnownFileType = folder; path = petdragon_0; sourceTree = "<group>"; };
		8827A453200CF9F7008C7B3E /* petfish_0 */ = {isa = PBXFileReference; lastKnownFileType = folder; path = petfish_0; sourceTree = "<group>"; };
		8827A457200D029A008C7B3E /* PlayerResource.swift */ = {isa = PBXFileReference; fileEncoding = 4; lastKnownFileType = sourcecode.swift; path = PlayerResource.swift; sourceTree = "<group>"; };
		8827A45D200D2B69008C7B3E /* ObjectNode.swift */ = {isa = PBXFileReference; fileEncoding = 4; lastKnownFileType = sourcecode.swift; path = ObjectNode.swift; sourceTree = "<group>"; };
		8827A45F200D2BE8008C7B3E /* Item__MapItem.swift */ = {isa = PBXFileReference; fileEncoding = 4; lastKnownFileType = sourcecode.swift; path = Item__MapItem.swift; sourceTree = "<group>"; };
		8827A461200D2C5E008C7B3E /* Items.xcassets */ = {isa = PBXFileReference; lastKnownFileType = folder.assetcatalog; path = Items.xcassets; sourceTree = "<group>"; };
		8827A463200D2E37008C7B3E /* itemsData.swift */ = {isa = PBXFileReference; fileEncoding = 4; lastKnownFileType = sourcecode.swift; path = itemsData.swift; sourceTree = "<group>"; };
		8827A467200DE83E008C7B3E /* Herculanum.ttf */ = {isa = PBXFileReference; lastKnownFileType = file; path = Herculanum.ttf; sourceTree = "<group>"; };
		8827A46D200F8D91008C7B3E /* Utility.swift */ = {isa = PBXFileReference; fileEncoding = 4; lastKnownFileType = sourcecode.swift; path = Utility.swift; sourceTree = "<group>"; };
		8827A470200FB8DC008C7B3E /* MapLink.swift */ = {isa = PBXFileReference; fileEncoding = 4; lastKnownFileType = sourcecode.swift; path = MapLink.swift; sourceTree = "<group>"; };
		8827A478200FD088008C7B3E /* PlayerMapData.swift */ = {isa = PBXFileReference; fileEncoding = 4; lastKnownFileType = sourcecode.swift; path = PlayerMapData.swift; sourceTree = "<group>"; };
		8827A47C200FDA5A008C7B3E /* MapGeneratorRange.swift */ = {isa = PBXFileReference; fileEncoding = 4; lastKnownFileType = sourcecode.swift; path = MapGeneratorRange.swift; sourceTree = "<group>"; };
		8865CE9A200CADE200B950A8 /* BuildingNode.swift */ = {isa = PBXFileReference; fileEncoding = 4; lastKnownFileType = sourcecode.swift; path = BuildingNode.swift; sourceTree = "<group>"; };
		8865CE9C200CADEE00B950A8 /* BuildingProperties.swift */ = {isa = PBXFileReference; fileEncoding = 4; lastKnownFileType = sourcecode.swift; path = BuildingProperties.swift; sourceTree = "<group>"; };
		8865CE9E200CAE5400B950A8 /* buildingData.swift */ = {isa = PBXFileReference; fileEncoding = 4; lastKnownFileType = sourcecode.swift; path = buildingData.swift; sourceTree = "<group>"; };
		8865CEA1200CAEBE00B950A8 /* Probabilities.swift */ = {isa = PBXFileReference; fileEncoding = 4; lastKnownFileType = sourcecode.swift; path = Probabilities.swift; sourceTree = "<group>"; };
		8865CEA3200CB2C500B950A8 /* BuildingAction.swift */ = {isa = PBXFileReference; fileEncoding = 4; lastKnownFileType = sourcecode.swift; path = BuildingAction.swift; sourceTree = "<group>"; };
		8865CEA6200CBC1500B950A8 /* Creature.swift */ = {isa = PBXFileReference; fileEncoding = 4; lastKnownFileType = sourcecode.swift; path = Creature.swift; sourceTree = "<group>"; };
		8865CEA8200CBC1B00B950A8 /* Hero.swift */ = {isa = PBXFileReference; fileEncoding = 4; lastKnownFileType = sourcecode.swift; path = Hero.swift; sourceTree = "<group>"; };
		8865CEAA200CBC2200B950A8 /* Spirit.swift */ = {isa = PBXFileReference; fileEncoding = 4; lastKnownFileType = sourcecode.swift; path = Spirit.swift; sourceTree = "<group>"; };
		8865CEAC200CBC2800B950A8 /* Monster.swift */ = {isa = PBXFileReference; fileEncoding = 4; lastKnownFileType = sourcecode.swift; path = Monster.swift; sourceTree = "<group>"; };
		8865CEAE200CBC7000B950A8 /* CreaturesDefinition.swift */ = {isa = PBXFileReference; fileEncoding = 4; lastKnownFileType = sourcecode.swift; path = CreaturesDefinition.swift; sourceTree = "<group>"; };
		88939191200BC09700663CF5 /* Player.swift */ = {isa = PBXFileReference; fileEncoding = 4; lastKnownFileType = sourcecode.swift; path = Player.swift; sourceTree = "<group>"; };
		88939193200BC0A500663CF5 /* PlayerData.swift */ = {isa = PBXFileReference; fileEncoding = 4; lastKnownFileType = sourcecode.swift; path = PlayerData.swift; sourceTree = "<group>"; };
		88939195200BE66100663CF5 /* SceneDrawMap.swift */ = {isa = PBXFileReference; fileEncoding = 4; lastKnownFileType = sourcecode.swift; path = SceneDrawMap.swift; sourceTree = "<group>"; };
		88DD252B200B799C0081BA1B /* Somewhere else2.app */ = {isa = PBXFileReference; explicitFileType = wrapper.application; includeInIndex = 0; path = "Somewhere else2.app"; sourceTree = BUILT_PRODUCTS_DIR; };
		88DD252E200B799C0081BA1B /* AppDelegate.swift */ = {isa = PBXFileReference; lastKnownFileType = sourcecode.swift; path = AppDelegate.swift; sourceTree = "<group>"; };
		88DD2534200B799C0081BA1B /* Scene.swift */ = {isa = PBXFileReference; lastKnownFileType = sourcecode.swift; path = Scene.swift; sourceTree = "<group>"; };
		88DD2536200B799C0081BA1B /* GameViewController.swift */ = {isa = PBXFileReference; lastKnownFileType = sourcecode.swift; path = GameViewController.swift; sourceTree = "<group>"; };
		88DD2539200B799C0081BA1B /* Base */ = {isa = PBXFileReference; lastKnownFileType = file.storyboard; name = Base; path = Base.lproj/Main.storyboard; sourceTree = "<group>"; };
		88DD253B200B799C0081BA1B /* Assets.xcassets */ = {isa = PBXFileReference; lastKnownFileType = folder.assetcatalog; path = Assets.xcassets; sourceTree = "<group>"; };
		88DD253E200B799C0081BA1B /* Base */ = {isa = PBXFileReference; lastKnownFileType = file.storyboard; name = Base; path = Base.lproj/LaunchScreen.storyboard; sourceTree = "<group>"; };
		88DD2540200B799C0081BA1B /* Info.plist */ = {isa = PBXFileReference; lastKnownFileType = text.plist.xml; path = Info.plist; sourceTree = "<group>"; };
		88DD2547200B99B10081BA1B /* env.xcassets */ = {isa = PBXFileReference; lastKnownFileType = folder.assetcatalog; path = env.xcassets; sourceTree = "<group>"; };
		88DD254B200B9C920081BA1B /* SceneData.swift */ = {isa = PBXFileReference; fileEncoding = 4; lastKnownFileType = sourcecode.swift; path = SceneData.swift; sourceTree = "<group>"; };
		88DD254E200B9DB10081BA1B /* Map.swift */ = {isa = PBXFileReference; fileEncoding = 4; lastKnownFileType = sourcecode.swift; path = Map.swift; sourceTree = "<group>"; };
		88DD2550200B9E270081BA1B /* MapHeader.swift */ = {isa = PBXFileReference; fileEncoding = 4; lastKnownFileType = sourcecode.swift; path = MapHeader.swift; sourceTree = "<group>"; };
		88DD2552200B9EFB0081BA1B /* MapCellularAutomata.swift */ = {isa = PBXFileReference; fileEncoding = 4; lastKnownFileType = sourcecode.swift; path = MapCellularAutomata.swift; sourceTree = "<group>"; tabWidth = 4; };
		88DD2555200B9F5D0081BA1B /* MapCASettings.swift */ = {isa = PBXFileReference; fileEncoding = 4; lastKnownFileType = sourcecode.swift; path = MapCASettings.swift; sourceTree = "<group>"; };
		88DD2557200B9F660081BA1B /* MapCAEvents.swift */ = {isa = PBXFileReference; fileEncoding = 4; lastKnownFileType = sourcecode.swift; path = MapCAEvents.swift; sourceTree = "<group>"; };
		88DD2559200BA0780081BA1B /* MapTile.swift */ = {isa = PBXFileReference; fileEncoding = 4; lastKnownFileType = sourcecode.swift; path = MapTile.swift; sourceTree = "<group>"; };
		88DD255C200BA6250081BA1B /* MapTileProperties.swift */ = {isa = PBXFileReference; fileEncoding = 4; lastKnownFileType = sourcecode.swift; path = MapTileProperties.swift; sourceTree = "<group>"; };
		88DD255F200BAEFB0081BA1B /* ileData.swift */ = {isa = PBXFileReference; fileEncoding = 4; lastKnownFileType = sourcecode.swift; name = ileData.swift; path = "Somewhere else2/ileData.swift"; sourceTree = SOURCE_ROOT; };
		88FBEC9F200CD07F000EC9F0 /* creatureData.swift */ = {isa = PBXFileReference; fileEncoding = 4; lastKnownFileType = sourcecode.swift; path = creatureData.swift; sourceTree = "<group>"; };
		88FBECA1200CF48E000EC9F0 /* boss_0 */ = {isa = PBXFileReference; lastKnownFileType = folder; path = boss_0; sourceTree = "<group>"; };
		88FBECA2200CF48E000EC9F0 /* qiuzhang_0 */ = {isa = PBXFileReference; lastKnownFileType = folder; path = qiuzhang_0; sourceTree = "<group>"; };
		88FBECA3200CF48E000EC9F0 /* qiuzhang_2 */ = {isa = PBXFileReference; lastKnownFileType = folder; path = qiuzhang_2; sourceTree = "<group>"; };
		88FBECA7200CF4F2000EC9F0 /* fairydragon_0 */ = {isa = PBXFileReference; lastKnownFileType = folder; path = fairydragon_0; sourceTree = "<group>"; };
		88FBECA8200CF4F2000EC9F0 /* fairydragon_1 */ = {isa = PBXFileReference; lastKnownFileType = folder; path = fairydragon_1; sourceTree = "<group>"; };
		88FBECA9200CF4F2000EC9F0 /* fairydragon_2 */ = {isa = PBXFileReference; lastKnownFileType = folder; path = fairydragon_2; sourceTree = "<group>"; };
		88FBECAA200CF4F2000EC9F0 /* fashi_0 */ = {isa = PBXFileReference; lastKnownFileType = folder; path = fashi_0; sourceTree = "<group>"; };
		88FBECAB200CF4F2000EC9F0 /* fashi_1 */ = {isa = PBXFileReference; lastKnownFileType = folder; path = fashi_1; sourceTree = "<group>"; };
		88FBECAC200CF4F2000EC9F0 /* fashi_2 */ = {isa = PBXFileReference; lastKnownFileType = folder; path = fashi_2; sourceTree = "<group>"; };
		88FBECAD200CF4F2000EC9F0 /* griffin_0 */ = {isa = PBXFileReference; lastKnownFileType = folder; path = griffin_0; sourceTree = "<group>"; };
		88FBECAE200CF4F2000EC9F0 /* griffin_1 */ = {isa = PBXFileReference; lastKnownFileType = folder; path = griffin_1; sourceTree = "<group>"; };
		88FBECAF200CF4F2000EC9F0 /* griffin_2 */ = {isa = PBXFileReference; lastKnownFileType = folder; path = griffin_2; sourceTree = "<group>"; };
		88FBECB0200CF4F2000EC9F0 /* helicopter_0 */ = {isa = PBXFileReference; lastKnownFileType = folder; path = helicopter_0; sourceTree = "<group>"; };
		88FBECB1200CF4F2000EC9F0 /* helicopter_1 */ = {isa = PBXFileReference; lastKnownFileType = folder; path = helicopter_1; sourceTree = "<group>"; };
		88FBECB2200CF4F2000EC9F0 /* helicopter_2 */ = {isa = PBXFileReference; lastKnownFileType = folder; path = helicopter_2; sourceTree = "<group>"; };
		88FBECB3200CF4F2000EC9F0 /* mad_0 */ = {isa = PBXFileReference; lastKnownFileType = folder; path = mad_0; sourceTree = "<group>"; };
		88FBECB5200CF4F2000EC9F0 /* mad_2 */ = {isa = PBXFileReference; lastKnownFileType = folder; path = mad_2; sourceTree = "<group>"; };
		88FBECB6200CF4F2000EC9F0 /* manh_0 */ = {isa = PBXFileReference; lastKnownFileType = folder; path = manh_0; sourceTree = "<group>"; };
		88FBECB7200CF4F2000EC9F0 /* manh_1 */ = {isa = PBXFileReference; lastKnownFileType = folder; path = manh_1; sourceTree = "<group>"; };
		88FBECB8200CF4F2000EC9F0 /* manh_2 */ = {isa = PBXFileReference; lastKnownFileType = folder; path = manh_2; sourceTree = "<group>"; };
		88FBECB9200CF4F2000EC9F0 /* treedemon_0 */ = {isa = PBXFileReference; lastKnownFileType = folder; path = treedemon_0; sourceTree = "<group>"; };
		88FBECBA200CF4F2000EC9F0 /* treedemon_1 */ = {isa = PBXFileReference; lastKnownFileType = folder; path = treedemon_1; sourceTree = "<group>"; };
		88FBECBB200CF4F2000EC9F0 /* treedemon_2 */ = {isa = PBXFileReference; lastKnownFileType = folder; path = treedemon_2; sourceTree = "<group>"; };
		88FBECD1200CF532000EC9F0 /* konglong_0 */ = {isa = PBXFileReference; lastKnownFileType = folder; path = konglong_0; sourceTree = "<group>"; };
		88FBECD2200CF532000EC9F0 /* konglong_1 */ = {isa = PBXFileReference; lastKnownFileType = folder; path = konglong_1; sourceTree = "<group>"; };
		88FBECD3200CF532000EC9F0 /* konglong_2 */ = {isa = PBXFileReference; lastKnownFileType = folder; path = konglong_2; sourceTree = "<group>"; };
/* End PBXFileReference section */

/* Begin PBXFrameworksBuildPhase section */
		88DD2528200B799C0081BA1B /* Frameworks */ = {
			isa = PBXFrameworksBuildPhase;
			buildActionMask = 2147483647;
			files = (
			);
			runOnlyForDeploymentPostprocessing = 0;
		};
/* End PBXFrameworksBuildPhase section */

/* Begin PBXGroup section */
		8827A45C200D2B51008C7B3E /* Objects */ = {
			isa = PBXGroup;
			children = (
				8827A45D200D2B69008C7B3E /* ObjectNode.swift */,
				8827A45F200D2BE8008C7B3E /* Item__MapItem.swift */,
			);
			name = Objects;
			sourceTree = "<group>";
		};
		8827A46C200F8D87008C7B3E /* Utility */ = {
			isa = PBXGroup;
			children = (
				8827A46D200F8D91008C7B3E /* Utility.swift */,
			);
			name = Utility;
			sourceTree = "<group>";
		};
		8827A46F200FB8CF008C7B3E /* MapLink */ = {
			isa = PBXGroup;
			children = (
				8827A470200FB8DC008C7B3E /* MapLink.swift */,
			);
			name = MapLink;
			sourceTree = "<group>";
		};
		8827A47A200FDA2D008C7B3E /* MapGenerator */ = {
			isa = PBXGroup;
			children = (
				8827A47C200FDA5A008C7B3E /* MapGeneratorRange.swift */,
			);
			name = MapGenerator;
			sourceTree = "<group>";
		};
		8865CE99200CADD200B950A8 /* Building */ = {
			isa = PBXGroup;
			children = (
				8865CE9A200CADE200B950A8 /* BuildingNode.swift */,
				8865CE9C200CADEE00B950A8 /* BuildingProperties.swift */,
				8865CEA3200CB2C500B950A8 /* BuildingAction.swift */,
			);
			name = Building;
			sourceTree = "<group>";
		};
		8865CEA0200CAEAB00B950A8 /* Probabilities */ = {
			isa = PBXGroup;
			children = (
				8865CEA1200CAEBE00B950A8 /* Probabilities.swift */,
			);
			name = Probabilities;
			sourceTree = "<group>";
		};
		8865CEA5200CBC0800B950A8 /* Creatures */ = {
			isa = PBXGroup;
			children = (
				8865CEAE200CBC7000B950A8 /* CreaturesDefinition.swift */,
				8865CEA6200CBC1500B950A8 /* Creature.swift */,
				8865CEB0200CBE1100B950A8 /* Creature */,
				8865CEA8200CBC1B00B950A8 /* Hero.swift */,
				8865D227200CC58500B950A8 /* Hero */,
				8865CEAA200CBC2200B950A8 /* Spirit.swift */,
				8865D225200CC56F00B950A8 /* Spirit */,
				8865CEAC200CBC2800B950A8 /* Monster.swift */,
				8865D226200CC57C00B950A8 /* Monster */,
			);
			name = Creatures;
			sourceTree = "<group>";
		};
		8865CEB0200CBE1100B950A8 /* Creature */ = {
			isa = PBXGroup;
			children = (
				88FBECA7200CF4F2000EC9F0 /* fairydragon_0 */,
				88FBECA8200CF4F2000EC9F0 /* fairydragon_1 */,
				88FBECA9200CF4F2000EC9F0 /* fairydragon_2 */,
				88FBECAA200CF4F2000EC9F0 /* fashi_0 */,
				88FBECAB200CF4F2000EC9F0 /* fashi_1 */,
				88FBECAC200CF4F2000EC9F0 /* fashi_2 */,
				88FBECAD200CF4F2000EC9F0 /* griffin_0 */,
				88FBECAE200CF4F2000EC9F0 /* griffin_1 */,
				88FBECAF200CF4F2000EC9F0 /* griffin_2 */,
				88FBECB0200CF4F2000EC9F0 /* helicopter_0 */,
				88FBECB1200CF4F2000EC9F0 /* helicopter_1 */,
				88FBECB2200CF4F2000EC9F0 /* helicopter_2 */,
				88FBECB3200CF4F2000EC9F0 /* mad_0 */,
				8827A44F200CF9C0008C7B3E /* mad_1 */,
				88FBECB5200CF4F2000EC9F0 /* mad_2 */,
				88FBECB6200CF4F2000EC9F0 /* manh_0 */,
				88FBECB7200CF4F2000EC9F0 /* manh_1 */,
				88FBECB8200CF4F2000EC9F0 /* manh_2 */,
				88FBECB9200CF4F2000EC9F0 /* treedemon_0 */,
				88FBECBA200CF4F2000EC9F0 /* treedemon_1 */,
				88FBECBB200CF4F2000EC9F0 /* treedemon_2 */,
			);
			name = Creature;
			sourceTree = "<group>";
		};
		8865D225200CC56F00B950A8 /* Spirit */ = {
			isa = PBXGroup;
			children = (
				8827A451200CF9F7008C7B3E /* petdevil_0 */,
				8827A452200CF9F7008C7B3E /* petdragon_0 */,
				8827A453200CF9F7008C7B3E /* petfish_0 */,
			);
			name = Spirit;
			sourceTree = "<group>";
		};
		8865D226200CC57C00B950A8 /* Monster */ = {
			isa = PBXGroup;
			children = (
				88FBECD1200CF532000EC9F0 /* konglong_0 */,
				88FBECD2200CF532000EC9F0 /* konglong_1 */,
				88FBECD3200CF532000EC9F0 /* konglong_2 */,
				88FBECA1200CF48E000EC9F0 /* boss_0 */,
				88FBECA2200CF48E000EC9F0 /* qiuzhang_0 */,
				88FBECA3200CF48E000EC9F0 /* qiuzhang_2 */,
			);
			name = Monster;
			sourceTree = "<group>";
		};
		8865D227200CC58500B950A8 /* Hero */ = {
			isa = PBXGroup;
			children = (
			);
			name = Hero;
			sourceTree = "<group>";
		};
		88939190200BC08600663CF5 /* Player */ = {
			isa = PBXGroup;
			children = (
				88939191200BC09700663CF5 /* Player.swift */,
				88939193200BC0A500663CF5 /* PlayerData.swift */,
				8827A457200D029A008C7B3E /* PlayerResource.swift */,
				8827A478200FD088008C7B3E /* PlayerMapData.swift */,
			);
			name = Player;
			sourceTree = "<group>";
		};
		88DD2522200B799C0081BA1B = {
			isa = PBXGroup;
			children = (
				88DD252D200B799C0081BA1B /* Somewhere else2 */,
				88DD252C200B799C0081BA1B /* Products */,
			);
			sourceTree = "<group>";
		};
		88DD252C200B799C0081BA1B /* Products */ = {
			isa = PBXGroup;
			children = (
				88DD252B200B799C0081BA1B /* Somewhere else2.app */,
			);
			name = Products;
			sourceTree = "<group>";
		};
		88DD252D200B799C0081BA1B /* Somewhere else2 */ = {
			isa = PBXGroup;
			children = (
				8827A46C200F8D87008C7B3E /* Utility */,
				8865CEA5200CBC0800B950A8 /* Creatures */,
				8865CEA0200CAEAB00B950A8 /* Probabilities */,
				8865CE99200CADD200B950A8 /* Building */,
				88939190200BC08600663CF5 /* Player */,
				8827A45C200D2B51008C7B3E /* Objects */,
				88DD254D200B9DA10081BA1B /* Map */,
				88DD255E200BAEE10081BA1B /* Data */,
				88DD252E200B799C0081BA1B /* AppDelegate.swift */,
				88DD254B200B9C920081BA1B /* SceneData.swift */,
				88939195200BE66100663CF5 /* SceneDrawMap.swift */,
				88DD2534200B799C0081BA1B /* Scene.swift */,
				88DD2536200B799C0081BA1B /* GameViewController.swift */,
				88DD2538200B799C0081BA1B /* Main.storyboard */,
				88DD253B200B799C0081BA1B /* Assets.xcassets */,
				8827A467200DE83E008C7B3E /* Herculanum.ttf */,
				88DD253D200B799C0081BA1B /* LaunchScreen.storyboard */,
				88DD2540200B799C0081BA1B /* Info.plist */,
			);
			path = "Somewhere else2";
			sourceTree = "<group>";
		};
		88DD254D200B9DA10081BA1B /* Map */ = {
			isa = PBXGroup;
			children = (
				88DD254E200B9DB10081BA1B /* Map.swift */,
				88DD2550200B9E270081BA1B /* MapHeader.swift */,
				88DD2554200B9F070081BA1B /* MapCellularAutomata */,
				88DD2559200BA0780081BA1B /* MapTile.swift */,
				88DD255C200BA6250081BA1B /* MapTileProperties.swift */,
				8827A46F200FB8CF008C7B3E /* MapLink */,
			);
			name = Map;
			sourceTree = "<group>";
		};
		88DD2554200B9F070081BA1B /* MapCellularAutomata */ = {
			isa = PBXGroup;
			children = (
				8827A47A200FDA2D008C7B3E /* MapGenerator */,
				88DD2552200B9EFB0081BA1B /* MapCellularAutomata.swift */,
				88DD2555200B9F5D0081BA1B /* MapCASettings.swift */,
				88DD2557200B9F660081BA1B /* MapCAEvents.swift */,
			);
			name = MapCellularAutomata;
			sourceTree = "<group>";
		};
		88DD255E200BAEE10081BA1B /* Data */ = {
			isa = PBXGroup;
			children = (
				8827A463200D2E37008C7B3E /* itemsData.swift */,
				8827A461200D2C5E008C7B3E /* Items.xcassets */,
				88DD2547200B99B10081BA1B /* env.xcassets */,
				88DD255F200BAEFB0081BA1B /* ileData.swift */,
				8865CE9E200CAE5400B950A8 /* buildingData.swift */,
				88FBEC9F200CD07F000EC9F0 /* creatureData.swift */,
			);
			name = Data;
			sourceTree = "<group>";
		};
/* End PBXGroup section */

/* Begin PBXNativeTarget section */
		88DD252A200B799C0081BA1B /* Somewhere else2 */ = {
			isa = PBXNativeTarget;
			buildConfigurationList = 88DD2543200B799C0081BA1B /* Build configuration list for PBXNativeTarget "Somewhere else2" */;
			buildPhases = (
				88DD2527200B799C0081BA1B /* Sources */,
				88DD2528200B799C0081BA1B /* Frameworks */,
				88DD2529200B799C0081BA1B /* Resources */,
			);
			buildRules = (
			);
			dependencies = (
			);
			name = "Somewhere else2";
			productName = "Somewhere else2";
			productReference = 88DD252B200B799C0081BA1B /* Somewhere else2.app */;
			productType = "com.apple.product-type.application";
		};
/* End PBXNativeTarget section */

/* Begin PBXProject section */
		88DD2523200B799C0081BA1B /* Project object */ = {
			isa = PBXProject;
			attributes = {
				LastSwiftUpdateCheck = 0820;
				LastUpgradeCheck = 0820;
				ORGANIZATIONNAME = "Antoine FeuFeu";
				TargetAttributes = {
					88DD252A200B799C0081BA1B = {
						CreatedOnToolsVersion = 8.2.1;
						DevelopmentTeam = 76BYA9T7S3;
						ProvisioningStyle = Automatic;
					};
				};
			};
			buildConfigurationList = 88DD2526200B799C0081BA1B /* Build configuration list for PBXProject "Somewhere else2" */;
			compatibilityVersion = "Xcode 3.2";
			developmentRegion = English;
			hasScannedForEncodings = 0;
			knownRegions = (
				en,
				Base,
			);
			mainGroup = 88DD2522200B799C0081BA1B;
			productRefGroup = 88DD252C200B799C0081BA1B /* Products */;
			projectDirPath = "";
			projectRoot = "";
			targets = (
				88DD252A200B799C0081BA1B /* Somewhere else2 */,
			);
		};
/* End PBXProject section */

/* Begin PBXResourcesBuildPhase section */
		88DD2529200B799C0081BA1B /* Resources */ = {
			isa = PBXResourcesBuildPhase;
			buildActionMask = 2147483647;
			files = (
				88FBECCB200CF4F2000EC9F0 /* manh_0 in Resources */,
				88FBECCA200CF4F2000EC9F0 /* mad_2 in Resources */,
				88FBECA5200CF48E000EC9F0 /* qiuzhang_0 in Resources */,
				8827A456200CF9F7008C7B3E /* petfish_0 in Resources */,
				88FBECD0200CF4F2000EC9F0 /* treedemon_2 in Resources */,
				8827A450200CF9C0008C7B3E /* mad_1 in Resources */,
				88FBECC2200CF4F2000EC9F0 /* griffin_0 in Resources */,
				88FBECBD200CF4F2000EC9F0 /* fairydragon_1 in Resources */,
				88FBECC3200CF4F2000EC9F0 /* griffin_1 in Resources */,
				88FBECD5200CF532000EC9F0 /* konglong_1 in Resources */,
				88FBECBF200CF4F2000EC9F0 /* fashi_0 in Resources */,
				88FBECC6200CF4F2000EC9F0 /* helicopter_1 in Resources */,
				8827A462200D2C5E008C7B3E /* Items.xcassets in Resources */,
				8827A455200CF9F7008C7B3E /* petdragon_0 in Resources */,
				88FBECD6200CF532000EC9F0 /* konglong_2 in Resources */,
				88FBECA4200CF48E000EC9F0 /* boss_0 in Resources */,
				88FBECBC200CF4F2000EC9F0 /* fairydragon_0 in Resources */,
				88FBECCC200CF4F2000EC9F0 /* manh_1 in Resources */,
				88DD253A200B799C0081BA1B /* Main.storyboard in Resources */,
				88FBECC0200CF4F2000EC9F0 /* fashi_1 in Resources */,
				88DD2548200B99B10081BA1B /* env.xcassets in Resources */,
				88FBECC7200CF4F2000EC9F0 /* helicopter_2 in Resources */,
				88FBECCE200CF4F2000EC9F0 /* treedemon_0 in Resources */,
				88FBECCD200CF4F2000EC9F0 /* manh_2 in Resources */,
				88FBECCF200CF4F2000EC9F0 /* treedemon_1 in Resources */,
				8827A454200CF9F7008C7B3E /* petdevil_0 in Resources */,
				88FBECBE200CF4F2000EC9F0 /* fairydragon_2 in Resources */,
				88DD253C200B799C0081BA1B /* Assets.xcassets in Resources */,
				88FBECC8200CF4F2000EC9F0 /* mad_0 in Resources */,
				88DD253F200B799C0081BA1B /* LaunchScreen.storyboard in Resources */,
				8827A468200DE83E008C7B3E /* Herculanum.ttf in Resources */,
				88FBECA6200CF48E000EC9F0 /* qiuzhang_2 in Resources */,
				88FBECD4200CF532000EC9F0 /* konglong_0 in Resources */,
				88FBECC5200CF4F2000EC9F0 /* helicopter_0 in Resources */,
				88FBECC1200CF4F2000EC9F0 /* fashi_2 in Resources */,
				88FBECC4200CF4F2000EC9F0 /* griffin_2 in Resources */,
			);
			runOnlyForDeploymentPostprocessing = 0;
		};
/* End PBXResourcesBuildPhase section */

/* Begin PBXSourcesBuildPhase section */
		88DD2527200B799C0081BA1B /* Sources */ = {
			isa = PBXSourcesBuildPhase;
			buildActionMask = 2147483647;
			files = (
				8865CEAF200CBC7000B950A8 /* CreaturesDefinition.swift in Sources */,
				8893918F200BB11300663CF5 /* ileData.swift in Sources */,
				8865CE9D200CADEE00B950A8 /* BuildingProperties.swift in Sources */,
				8865CE9B200CADE200B950A8 /* BuildingNode.swift in Sources */,
				88DD2556200B9F5D0081BA1B /* MapCASettings.swift in Sources */,
				88DD255A200BA0780081BA1B /* MapTile.swift in Sources */,
				88DD2535200B799C0081BA1B /* Scene.swift in Sources */,
				88DD2553200B9EFB0081BA1B /* MapCellularAutomata.swift in Sources */,
				88939192200BC09700663CF5 /* Player.swift in Sources */,
				8865CEA2200CAEBE00B950A8 /* Probabilities.swift in Sources */,
				88939196200BE66100663CF5 /* SceneDrawMap.swift in Sources */,
				8865CE9F200CAE5400B950A8 /* buildingData.swift in Sources */,
				8865CEAB200CBC2200B950A8 /* Spirit.swift in Sources */,
				88DD2537200B799C0081BA1B /* GameViewController.swift in Sources */,
				88DD252F200B799C0081BA1B /* AppDelegate.swift in Sources */,
				88939194200BC0A500663CF5 /* PlayerData.swift in Sources */,
				8827A45E200D2B69008C7B3E /* ObjectNode.swift in Sources */,
				88FBECA0200CD07F000EC9F0 /* creatureData.swift in Sources */,
				8827A464200D2E37008C7B3E /* itemsData.swift in Sources */,
				8827A458200D029A008C7B3E /* PlayerResource.swift in Sources */,
				8827A471200FB8DC008C7B3E /* MapLink.swift in Sources */,
				8827A47D200FDA5A008C7B3E /* MapGeneratorRange.swift in Sources */,
				88DD254F200B9DB10081BA1B /* Map.swift in Sources */,
				8865CEAD200CBC2800B950A8 /* Monster.swift in Sources */,
				8865CEA4200CB2C500B950A8 /* BuildingAction.swift in Sources */,
				88DD2558200B9F660081BA1B /* MapCAEvents.swift in Sources */,
				8865CEA9200CBC1B00B950A8 /* Hero.swift in Sources */,
				8865CEA7200CBC1500B950A8 /* Creature.swift in Sources */,
				8827A46E200F8D91008C7B3E /* Utility.swift in Sources */,
				8827A479200FD088008C7B3E /* PlayerMapData.swift in Sources */,
				88DD254C200B9C920081BA1B /* SceneData.swift in Sources */,
				88DD2551200B9E270081BA1B /* MapHeader.swift in Sources */,
				88DD255D200BA6250081BA1B /* MapTileProperties.swift in Sources */,
				8827A460200D2BE8008C7B3E /* Item__MapItem.swift in Sources */,
			);
			runOnlyForDeploymentPostprocessing = 0;
		};
/* End PBXSourcesBuildPhase section */

/* Begin PBXVariantGroup section */
		88DD2538200B799C0081BA1B /* Main.storyboard */ = {
			isa = PBXVariantGroup;
			children = (
				88DD2539200B799C0081BA1B /* Base */,
			);
			name = Main.storyboard;
			sourceTree = "<group>";
		};
		88DD253D200B799C0081BA1B /* LaunchScreen.storyboard */ = {
			isa = PBXVariantGroup;
			children = (
				88DD253E200B799C0081BA1B /* Base */,
			);
			name = LaunchScreen.storyboard;
			sourceTree = "<group>";
		};
/* End PBXVariantGroup section */

/* Begin XCBuildConfiguration section */
		88DD2541200B799C0081BA1B /* Debug */ = {
			isa = XCBuildConfiguration;
			buildSettings = {
				ALWAYS_SEARCH_USER_PATHS = NO;
				CLANG_ANALYZER_NONNULL = YES;
				CLANG_CXX_LANGUAGE_STANDARD = "gnu++0x";
				CLANG_CXX_LIBRARY = "libc++";
				CLANG_ENABLE_MODULES = YES;
				CLANG_ENABLE_OBJC_ARC = YES;
				CLANG_WARN_BOOL_CONVERSION = YES;
				CLANG_WARN_CONSTANT_CONVERSION = YES;
				CLANG_WARN_DIRECT_OBJC_ISA_USAGE = YES_ERROR;
				CLANG_WARN_DOCUMENTATION_COMMENTS = YES;
				CLANG_WARN_EMPTY_BODY = YES;
				CLANG_WARN_ENUM_CONVERSION = YES;
				CLANG_WARN_INFINITE_RECURSION = YES;
				CLANG_WARN_INT_CONVERSION = YES;
				CLANG_WARN_OBJC_ROOT_CLASS = YES_ERROR;
				CLANG_WARN_SUSPICIOUS_MOVE = YES;
				CLANG_WARN_UNREACHABLE_CODE = YES;
				CLANG_WARN__DUPLICATE_METHOD_MATCH = YES;
				"CODE_SIGN_IDENTITY[sdk=iphoneos*]" = "iPhone Developer";
				COPY_PHASE_STRIP = NO;
				DEBUG_INFORMATION_FORMAT = dwarf;
				ENABLE_STRICT_OBJC_MSGSEND = YES;
				ENABLE_TESTABILITY = YES;
				GCC_C_LANGUAGE_STANDARD = gnu99;
				GCC_DYNAMIC_NO_PIC = NO;
				GCC_NO_COMMON_BLOCKS = YES;
				GCC_OPTIMIZATION_LEVEL = 0;
				GCC_PREPROCESSOR_DEFINITIONS = (
					"DEBUG=1",
					"$(inherited)",
				);
				GCC_WARN_64_TO_32_BIT_CONVERSION = YES;
				GCC_WARN_ABOUT_RETURN_TYPE = YES_ERROR;
				GCC_WARN_UNDECLARED_SELECTOR = YES;
				GCC_WARN_UNINITIALIZED_AUTOS = YES_AGGRESSIVE;
				GCC_WARN_UNUSED_FUNCTION = YES;
				GCC_WARN_UNUSED_VARIABLE = YES;
				IPHONEOS_DEPLOYMENT_TARGET = 10.2;
				MTL_ENABLE_DEBUG_INFO = YES;
				ONLY_ACTIVE_ARCH = YES;
				SDKROOT = iphoneos;
				SWIFT_ACTIVE_COMPILATION_CONDITIONS = DEBUG;
				SWIFT_OPTIMIZATION_LEVEL = "-Onone";
				TARGETED_DEVICE_FAMILY = "1,2";
			};
			name = Debug;
		};
		88DD2542200B799C0081BA1B /* Release */ = {
			isa = XCBuildConfiguration;
			buildSettings = {
				ALWAYS_SEARCH_USER_PATHS = NO;
				CLANG_ANALYZER_NONNULL = YES;
				CLANG_CXX_LANGUAGE_STANDARD = "gnu++0x";
				CLANG_CXX_LIBRARY = "libc++";
				CLANG_ENABLE_MODULES = YES;
				CLANG_ENABLE_OBJC_ARC = YES;
				CLANG_WARN_BOOL_CONVERSION = YES;
				CLANG_WARN_CONSTANT_CONVERSION = YES;
				CLANG_WARN_DIRECT_OBJC_ISA_USAGE = YES_ERROR;
				CLANG_WARN_DOCUMENTATION_COMMENTS = YES;
				CLANG_WARN_EMPTY_BODY = YES;
				CLANG_WARN_ENUM_CONVERSION = YES;
				CLANG_WARN_INFINITE_RECURSION = YES;
				CLANG_WARN_INT_CONVERSION = YES;
				CLANG_WARN_OBJC_ROOT_CLASS = YES_ERROR;
				CLANG_WARN_SUSPICIOUS_MOVE = YES;
				CLANG_WARN_UNREACHABLE_CODE = YES;
				CLANG_WARN__DUPLICATE_METHOD_MATCH = YES;
				"CODE_SIGN_IDENTITY[sdk=iphoneos*]" = "iPhone Developer";
				COPY_PHASE_STRIP = NO;
				DEBUG_INFORMATION_FORMAT = "dwarf-with-dsym";
				ENABLE_NS_ASSERTIONS = NO;
				ENABLE_STRICT_OBJC_MSGSEND = YES;
				GCC_C_LANGUAGE_STANDARD = gnu99;
				GCC_NO_COMMON_BLOCKS = YES;
				GCC_WARN_64_TO_32_BIT_CONVERSION = YES;
				GCC_WARN_ABOUT_RETURN_TYPE = YES_ERROR;
				GCC_WARN_UNDECLARED_SELECTOR = YES;
				GCC_WARN_UNINITIALIZED_AUTOS = YES_AGGRESSIVE;
				GCC_WARN_UNUSED_FUNCTION = YES;
				GCC_WARN_UNUSED_VARIABLE = YES;
				IPHONEOS_DEPLOYMENT_TARGET = 10.2;
				MTL_ENABLE_DEBUG_INFO = NO;
				SDKROOT = iphoneos;
				SWIFT_OPTIMIZATION_LEVEL = "-Owholemodule";
				TARGETED_DEVICE_FAMILY = "1,2";
				VALIDATE_PRODUCT = YES;
			};
			name = Release;
		};
		88DD2544200B799C0081BA1B /* Debug */ = {
			isa = XCBuildConfiguration;
			buildSettings = {
				ASSETCATALOG_COMPILER_APPICON_NAME = AppIcon;
				DEVELOPMENT_TEAM = 76BYA9T7S3;
				INFOPLIST_FILE = "Somewhere else2/Info.plist";
				IPHONEOS_DEPLOYMENT_TARGET = 10.1;
				LD_RUNPATH_SEARCH_PATHS = "$(inherited) @executable_path/Frameworks";
				PRODUCT_BUNDLE_IDENTIFIER = "com.z-zero.Somewhere-else2";
				PRODUCT_NAME = "$(TARGET_NAME)";
				SWIFT_VERSION = 3.0;
			};
			name = Debug;
		};
		88DD2545200B799C0081BA1B /* Release */ = {
			isa = XCBuildConfiguration;
			buildSettings = {
				ASSETCATALOG_COMPILER_APPICON_NAME = AppIcon;
				DEVELOPMENT_TEAM = 76BYA9T7S3;
				INFOPLIST_FILE = "Somewhere else2/Info.plist";
				IPHONEOS_DEPLOYMENT_TARGET = 10.1;
				LD_RUNPATH_SEARCH_PATHS = "$(inherited) @executable_path/Frameworks";
				PRODUCT_BUNDLE_IDENTIFIER = "com.z-zero.Somewhere-else2";
				PRODUCT_NAME = "$(TARGET_NAME)";
				SWIFT_VERSION = 3.0;
			};
			name = Release;
		};
/* End XCBuildConfiguration section */

/* Begin XCConfigurationList section */
		88DD2526200B799C0081BA1B /* Build configuration list for PBXProject "Somewhere else2" */ = {
			isa = XCConfigurationList;
			buildConfigurations = (
				88DD2541200B799C0081BA1B /* Debug */,
				88DD2542200B799C0081BA1B /* Release */,
			);
			defaultConfigurationIsVisible = 0;
			defaultConfigurationName = Release;
		};
		88DD2543200B799C0081BA1B /* Build configuration list for PBXNativeTarget "Somewhere else2" */ = {
			isa = XCConfigurationList;
			buildConfigurations = (
				88DD2544200B799C0081BA1B /* Debug */,
				88DD2545200B799C0081BA1B /* Release */,
			);
			defaultConfigurationIsVisible = 0;
			defaultConfigurationName = Release;
		};
/* End XCConfigurationList section */
	};
	rootObject = 88DD2523200B799C0081BA1B /* Project object */;
}
